// !$*UTF8*$!
{
	archiveVersion = 1;
	classes = {
	};
	objectVersion = 56;
	objects = {

/* Begin PBXBuildFile section */
		2D037FA3AF1C2550DD2D0334 /* Pods_FindClone.framework in Frameworks */ = {isa = PBXBuildFile; fileRef = 3679B52E05870DADE1175E7B /* Pods_FindClone.framework */; };
		CE44F6BB2AE6512900E4A941 /* AppDelegate.swift in Sources */ = {isa = PBXBuildFile; fileRef = CE44F6BA2AE6512900E4A941 /* AppDelegate.swift */; };
		CE44F6BD2AE6512900E4A941 /* SceneDelegate.swift in Sources */ = {isa = PBXBuildFile; fileRef = CE44F6BC2AE6512900E4A941 /* SceneDelegate.swift */; };
		CE44F6BF2AE6512900E4A941 /* StartScreenViewController.swift in Sources */ = {isa = PBXBuildFile; fileRef = CE44F6BE2AE6512900E4A941 /* StartScreenViewController.swift */; };
		CE44F6C22AE6512900E4A941 /* Main.storyboard in Resources */ = {isa = PBXBuildFile; fileRef = CE44F6C02AE6512900E4A941 /* Main.storyboard */; };
		CE44F6C42AE6513600E4A941 /* Assets.xcassets in Resources */ = {isa = PBXBuildFile; fileRef = CE44F6C32AE6513600E4A941 /* Assets.xcassets */; };
		CE44F6C72AE6513600E4A941 /* LaunchScreen.storyboard in Resources */ = {isa = PBXBuildFile; fileRef = CE44F6C52AE6513600E4A941 /* LaunchScreen.storyboard */; };
		CE44F6D12AE6551F00E4A941 /* GameViewController.swift in Sources */ = {isa = PBXBuildFile; fileRef = CE44F6D02AE6551F00E4A941 /* GameViewController.swift */; };
		CE44F6D62AE6556800E4A941 /* Card.swift in Sources */ = {isa = PBXBuildFile; fileRef = CE44F6D52AE6556800E4A941 /* Card.swift */; };
		CE44F6D82AE655BE00E4A941 /* GameViewModel.swift in Sources */ = {isa = PBXBuildFile; fileRef = CE44F6D72AE655BE00E4A941 /* GameViewModel.swift */; };
		CE44F6DA2AE6562300E4A941 /* Dynamic.swift in Sources */ = {isa = PBXBuildFile; fileRef = CE44F6D92AE6562300E4A941 /* Dynamic.swift */; };
		CE44F6DC2AE65A9C00E4A941 /* CardCollectionViewCell.swift in Sources */ = {isa = PBXBuildFile; fileRef = CE44F6DB2AE65A9C00E4A941 /* CardCollectionViewCell.swift */; };
		CE44F6DE2AEAA34700E4A941 /* CardImageModel.swift in Sources */ = {isa = PBXBuildFile; fileRef = CE44F6DD2AEAA34700E4A941 /* CardImageModel.swift */; };
		CE9630ED2AEACF6900E780F6 /* ChooseLevelViewController.swift in Sources */ = {isa = PBXBuildFile; fileRef = CE9630EC2AEACF6900E780F6 /* ChooseLevelViewController.swift */; };
		CE9630F22AEF95D100E780F6 /* Constants.swift in Sources */ = {isa = PBXBuildFile; fileRef = CE9630F12AEF95D100E780F6 /* Constants.swift */; };
/* End PBXBuildFile section */

/* Begin PBXFileReference section */
		3679B52E05870DADE1175E7B /* Pods_FindClone.framework */ = {isa = PBXFileReference; explicitFileType = wrapper.framework; includeInIndex = 0; path = Pods_FindClone.framework; sourceTree = BUILT_PRODUCTS_DIR; };
		806D79A99C4D747814CA858F /* Pods-FindClone.release.xcconfig */ = {isa = PBXFileReference; includeInIndex = 1; lastKnownFileType = text.xcconfig; name = "Pods-FindClone.release.xcconfig"; path = "Target Support Files/Pods-FindClone/Pods-FindClone.release.xcconfig"; sourceTree = "<group>"; };
		B1E6F22027DFAC0F6D0F7D27 /* Pods-FindClone.debug.xcconfig */ = {isa = PBXFileReference; includeInIndex = 1; lastKnownFileType = text.xcconfig; name = "Pods-FindClone.debug.xcconfig"; path = "Target Support Files/Pods-FindClone/Pods-FindClone.debug.xcconfig"; sourceTree = "<group>"; };
		CE44F6B72AE6512900E4A941 /* FindClone.app */ = {isa = PBXFileReference; explicitFileType = wrapper.application; includeInIndex = 0; path = FindClone.app; sourceTree = BUILT_PRODUCTS_DIR; };
		CE44F6BA2AE6512900E4A941 /* AppDelegate.swift */ = {isa = PBXFileReference; lastKnownFileType = sourcecode.swift; path = AppDelegate.swift; sourceTree = "<group>"; };
		CE44F6BC2AE6512900E4A941 /* SceneDelegate.swift */ = {isa = PBXFileReference; lastKnownFileType = sourcecode.swift; path = SceneDelegate.swift; sourceTree = "<group>"; };
		CE44F6BE2AE6512900E4A941 /* StartScreenViewController.swift */ = {isa = PBXFileReference; lastKnownFileType = sourcecode.swift; path = StartScreenViewController.swift; sourceTree = "<group>"; };
		CE44F6C12AE6512900E4A941 /* Base */ = {isa = PBXFileReference; lastKnownFileType = file.storyboard; name = Base; path = Base.lproj/Main.storyboard; sourceTree = "<group>"; };
		CE44F6C32AE6513600E4A941 /* Assets.xcassets */ = {isa = PBXFileReference; lastKnownFileType = folder.assetcatalog; path = Assets.xcassets; sourceTree = "<group>"; };
		CE44F6C62AE6513600E4A941 /* Base */ = {isa = PBXFileReference; lastKnownFileType = file.storyboard; name = Base; path = Base.lproj/LaunchScreen.storyboard; sourceTree = "<group>"; };
		CE44F6C82AE6513600E4A941 /* Info.plist */ = {isa = PBXFileReference; lastKnownFileType = text.plist.xml; path = Info.plist; sourceTree = "<group>"; };
		CE44F6D02AE6551F00E4A941 /* GameViewController.swift */ = {isa = PBXFileReference; lastKnownFileType = sourcecode.swift; path = GameViewController.swift; sourceTree = "<group>"; };
		CE44F6D52AE6556800E4A941 /* Card.swift */ = {isa = PBXFileReference; lastKnownFileType = sourcecode.swift; path = Card.swift; sourceTree = "<group>"; };
		CE44F6D72AE655BE00E4A941 /* GameViewModel.swift */ = {isa = PBXFileReference; lastKnownFileType = sourcecode.swift; path = GameViewModel.swift; sourceTree = "<group>"; };
		CE44F6D92AE6562300E4A941 /* Dynamic.swift */ = {isa = PBXFileReference; lastKnownFileType = sourcecode.swift; path = Dynamic.swift; sourceTree = "<group>"; };
		CE44F6DB2AE65A9C00E4A941 /* CardCollectionViewCell.swift */ = {isa = PBXFileReference; lastKnownFileType = sourcecode.swift; path = CardCollectionViewCell.swift; sourceTree = "<group>"; };
		CE44F6DD2AEAA34700E4A941 /* CardImageModel.swift */ = {isa = PBXFileReference; lastKnownFileType = sourcecode.swift; path = CardImageModel.swift; sourceTree = "<group>"; };
		CE9630EC2AEACF6900E780F6 /* ChooseLevelViewController.swift */ = {isa = PBXFileReference; lastKnownFileType = sourcecode.swift; path = ChooseLevelViewController.swift; sourceTree = "<group>"; };
		CE9630F12AEF95D100E780F6 /* Constants.swift */ = {isa = PBXFileReference; lastKnownFileType = sourcecode.swift; path = Constants.swift; sourceTree = "<group>"; };
/* End PBXFileReference section */

/* Begin PBXFrameworksBuildPhase section */
		CE44F6B42AE6512900E4A941 /* Frameworks */ = {
			isa = PBXFrameworksBuildPhase;
			buildActionMask = 2147483647;
			files = (
				2D037FA3AF1C2550DD2D0334 /* Pods_FindClone.framework in Frameworks */,
			);
			runOnlyForDeploymentPostprocessing = 0;
		};
/* End PBXFrameworksBuildPhase section */

/* Begin PBXGroup section */
		7DF5C9A5F122074947D85E08 /* Pods */ = {
			isa = PBXGroup;
			children = (
				B1E6F22027DFAC0F6D0F7D27 /* Pods-FindClone.debug.xcconfig */,
				806D79A99C4D747814CA858F /* Pods-FindClone.release.xcconfig */,
			);
			path = Pods;
			sourceTree = "<group>";
		};
		98F3EAFC08FD53569C09E3CF /* Frameworks */ = {
			isa = PBXGroup;
			children = (
				3679B52E05870DADE1175E7B /* Pods_FindClone.framework */,
			);
			name = Frameworks;
			sourceTree = "<group>";
		};
		CE44F6AE2AE6512900E4A941 = {
			isa = PBXGroup;
			children = (
				CE44F6B92AE6512900E4A941 /* FindClone */,
				CE44F6B82AE6512900E4A941 /* Products */,
				7DF5C9A5F122074947D85E08 /* Pods */,
				98F3EAFC08FD53569C09E3CF /* Frameworks */,
			);
			sourceTree = "<group>";
		};
		CE44F6B82AE6512900E4A941 /* Products */ = {
			isa = PBXGroup;
			children = (
				CE44F6B72AE6512900E4A941 /* FindClone.app */,
			);
			name = Products;
			sourceTree = "<group>";
		};
		CE44F6B92AE6512900E4A941 /* FindClone */ = {
			isa = PBXGroup;
			children = (
				CE9630EE2AEBCE4F00E780F6 /* TimerScreen */,
				CE44F6CF2AE6550100E4A941 /* StartScreen */,
				CE9630E82AEACEFE00E780F6 /* ChooseLevelScreen */,
				CE44F6CE2AE654F200E4A941 /* GameScreen */,
				CE44F6D92AE6562300E4A941 /* Dynamic.swift */,
				CE44F6BA2AE6512900E4A941 /* AppDelegate.swift */,
				CE44F6BC2AE6512900E4A941 /* SceneDelegate.swift */,
				CE9630F12AEF95D100E780F6 /* Constants.swift */,
				CE44F6C02AE6512900E4A941 /* Main.storyboard */,
				CE44F6C32AE6513600E4A941 /* Assets.xcassets */,
				CE44F6C52AE6513600E4A941 /* LaunchScreen.storyboard */,
				CE44F6C82AE6513600E4A941 /* Info.plist */,
			);
			path = FindClone;
			sourceTree = "<group>";
		};
		CE44F6CE2AE654F200E4A941 /* GameScreen */ = {
			isa = PBXGroup;
			children = (
				CE44F6D42AE6554600E4A941 /* ViewModel */,
				CE44F6D32AE6553A00E4A941 /* View */,
				CE44F6D22AE6552D00E4A941 /* Model */,
			);
			path = GameScreen;
			sourceTree = "<group>";
		};
		CE44F6CF2AE6550100E4A941 /* StartScreen */ = {
			isa = PBXGroup;
			children = (
				CE44F6BE2AE6512900E4A941 /* StartScreenViewController.swift */,
			);
			path = StartScreen;
			sourceTree = "<group>";
		};
		CE44F6D22AE6552D00E4A941 /* Model */ = {
			isa = PBXGroup;
			children = (
				CE44F6D52AE6556800E4A941 /* Card.swift */,
			);
			path = Model;
			sourceTree = "<group>";
		};
		CE44F6D32AE6553A00E4A941 /* View */ = {
			isa = PBXGroup;
			children = (
				CE44F6D02AE6551F00E4A941 /* GameViewController.swift */,
				CE44F6DB2AE65A9C00E4A941 /* CardCollectionViewCell.swift */,
			);
			path = View;
			sourceTree = "<group>";
		};
		CE44F6D42AE6554600E4A941 /* ViewModel */ = {
			isa = PBXGroup;
			children = (
				CE44F6D72AE655BE00E4A941 /* GameViewModel.swift */,
			);
			path = ViewModel;
			sourceTree = "<group>";
		};
		CE9630E82AEACEFE00E780F6 /* ChooseLevelScreen */ = {
			isa = PBXGroup;
			children = (
				CE9630EB2AEACF4700E780F6 /* Model */,
				CE9630EA2AEACF3B00E780F6 /* ViewModel */,
				CE9630E92AEACF2300E780F6 /* View */,
			);
			path = ChooseLevelScreen;
			sourceTree = "<group>";
		};
		CE9630E92AEACF2300E780F6 /* View */ = {
			isa = PBXGroup;
			children = (
				CE9630EC2AEACF6900E780F6 /* ChooseLevelViewController.swift */,
			);
			path = View;
			sourceTree = "<group>";
		};
		CE9630EA2AEACF3B00E780F6 /* ViewModel */ = {
			isa = PBXGroup;
			children = (
			);
			path = ViewModel;
			sourceTree = "<group>";
		};
		CE9630EB2AEACF4700E780F6 /* Model */ = {
			isa = PBXGroup;
			children = (
				CE44F6DD2AEAA34700E4A941 /* CardImageModel.swift */,
			);
			path = Model;
			sourceTree = "<group>";
		};
		CE9630EE2AEBCE4F00E780F6 /* TimerScreen */ = {
			isa = PBXGroup;
			children = (
			);
			path = TimerScreen;
			sourceTree = "<group>";
		};
/* End PBXGroup section */

/* Begin PBXNativeTarget section */
		CE44F6B62AE6512900E4A941 /* FindClone */ = {
			isa = PBXNativeTarget;
			buildConfigurationList = CE44F6CB2AE6513600E4A941 /* Build configuration list for PBXNativeTarget "FindClone" */;
			buildPhases = (
				CE9630E72AEAAE4900E780F6 /* ShellScript */,
				D8819F751053006C274C44CE /* [CP] Check Pods Manifest.lock */,
				CE44F6B32AE6512900E4A941 /* Sources */,
				CE44F6B42AE6512900E4A941 /* Frameworks */,
				CE44F6B52AE6512900E4A941 /* Resources */,
			);
			buildRules = (
			);
			dependencies = (
			);
			name = FindClone;
			productName = FindClone;
			productReference = CE44F6B72AE6512900E4A941 /* FindClone.app */;
			productType = "com.apple.product-type.application";
		};
/* End PBXNativeTarget section */

/* Begin PBXProject section */
		CE44F6AF2AE6512900E4A941 /* Project object */ = {
			isa = PBXProject;
			attributes = {
				BuildIndependentTargetsInParallel = 1;
				LastSwiftUpdateCheck = 1430;
				LastUpgradeCheck = 1430;
				TargetAttributes = {
					CE44F6B62AE6512900E4A941 = {
						CreatedOnToolsVersion = 14.3;
					};
				};
			};
			buildConfigurationList = CE44F6B22AE6512900E4A941 /* Build configuration list for PBXProject "FindClone" */;
			compatibilityVersion = "Xcode 14.0";
			developmentRegion = en;
			hasScannedForEncodings = 0;
			knownRegions = (
				en,
				Base,
			);
			mainGroup = CE44F6AE2AE6512900E4A941;
			productRefGroup = CE44F6B82AE6512900E4A941 /* Products */;
			projectDirPath = "";
			projectRoot = "";
			targets = (
				CE44F6B62AE6512900E4A941 /* FindClone */,
			);
		};
/* End PBXProject section */

/* Begin PBXResourcesBuildPhase section */
		CE44F6B52AE6512900E4A941 /* Resources */ = {
			isa = PBXResourcesBuildPhase;
			buildActionMask = 2147483647;
			files = (
				CE44F6C72AE6513600E4A941 /* LaunchScreen.storyboard in Resources */,
				CE44F6C42AE6513600E4A941 /* Assets.xcassets in Resources */,
				CE44F6C22AE6512900E4A941 /* Main.storyboard in Resources */,
			);
			runOnlyForDeploymentPostprocessing = 0;
		};
/* End PBXResourcesBuildPhase section */

/* Begin PBXShellScriptBuildPhase section */
		CE9630E72AEAAE4900E780F6 /* ShellScript */ = {
			isa = PBXShellScriptBuildPhase;
			alwaysOutOfDate = 1;
			buildActionMask = 2147483647;
			files = (
			);
			inputFileListPaths = (
			);
			inputPaths = (
			);
			outputFileListPaths = (
			);
			outputPaths = (
			);
			runOnlyForDeploymentPostprocessing = 0;
			shellPath = /bin/sh;
			shellScript = "${PODS_ROOT}/SwiftLint/swiftlint\n";
		};
		D8819F751053006C274C44CE /* [CP] Check Pods Manifest.lock */ = {
			isa = PBXShellScriptBuildPhase;
			buildActionMask = 2147483647;
			files = (
			);
			inputFileListPaths = (
			);
			inputPaths = (
				"${PODS_PODFILE_DIR_PATH}/Podfile.lock",
				"${PODS_ROOT}/Manifest.lock",
			);
			name = "[CP] Check Pods Manifest.lock";
			outputFileListPaths = (
			);
			outputPaths = (
				"$(DERIVED_FILE_DIR)/Pods-FindClone-checkManifestLockResult.txt",
			);
			runOnlyForDeploymentPostprocessing = 0;
			shellPath = /bin/sh;
			shellScript = "diff \"${PODS_PODFILE_DIR_PATH}/Podfile.lock\" \"${PODS_ROOT}/Manifest.lock\" > /dev/null\nif [ $? != 0 ] ; then\n    # print error to STDERR\n    echo \"error: The sandbox is not in sync with the Podfile.lock. Run 'pod install' or update your CocoaPods installation.\" >&2\n    exit 1\nfi\n# This output is used by Xcode 'outputs' to avoid re-running this script phase.\necho \"SUCCESS\" > \"${SCRIPT_OUTPUT_FILE_0}\"\n";
			showEnvVarsInLog = 0;
		};
/* End PBXShellScriptBuildPhase section */

/* Begin PBXSourcesBuildPhase section */
		CE44F6B32AE6512900E4A941 /* Sources */ = {
			isa = PBXSourcesBuildPhase;
			buildActionMask = 2147483647;
			files = (
				CE44F6DC2AE65A9C00E4A941 /* CardCollectionViewCell.swift in Sources */,
				CE9630F22AEF95D100E780F6 /* Constants.swift in Sources */,
				CE44F6D82AE655BE00E4A941 /* GameViewModel.swift in Sources */,
				CE44F6DE2AEAA34700E4A941 /* CardImageModel.swift in Sources */,
				CE44F6D12AE6551F00E4A941 /* GameViewController.swift in Sources */,
				CE9630ED2AEACF6900E780F6 /* ChooseLevelViewController.swift in Sources */,
				CE44F6BF2AE6512900E4A941 /* StartScreenViewController.swift in Sources */,
				CE44F6DA2AE6562300E4A941 /* Dynamic.swift in Sources */,
				CE44F6D62AE6556800E4A941 /* Card.swift in Sources */,
				CE44F6BB2AE6512900E4A941 /* AppDelegate.swift in Sources */,
				CE44F6BD2AE6512900E4A941 /* SceneDelegate.swift in Sources */,
			);
			runOnlyForDeploymentPostprocessing = 0;
		};
/* End PBXSourcesBuildPhase section */

/* Begin PBXVariantGroup section */
		CE44F6C02AE6512900E4A941 /* Main.storyboard */ = {
			isa = PBXVariantGroup;
			children = (
				CE44F6C12AE6512900E4A941 /* Base */,
			);
			name = Main.storyboard;
			sourceTree = "<group>";
		};
		CE44F6C52AE6513600E4A941 /* LaunchScreen.storyboard */ = {
			isa = PBXVariantGroup;
			children = (
				CE44F6C62AE6513600E4A941 /* Base */,
			);
			name = LaunchScreen.storyboard;
			sourceTree = "<group>";
		};
/* End PBXVariantGroup section */

/* Begin XCBuildConfiguration section */
		CE44F6C92AE6513600E4A941 /* Debug */ = {
			isa = XCBuildConfiguration;
			buildSettings = {
				ALWAYS_SEARCH_USER_PATHS = NO;
				CLANG_ANALYZER_NONNULL = YES;
				CLANG_ANALYZER_NUMBER_OBJECT_CONVERSION = YES_AGGRESSIVE;
				CLANG_CXX_LANGUAGE_STANDARD = "gnu++20";
				CLANG_ENABLE_MODULES = YES;
				CLANG_ENABLE_OBJC_ARC = YES;
				CLANG_ENABLE_OBJC_WEAK = YES;
				CLANG_WARN_BLOCK_CAPTURE_AUTORELEASING = YES;
				CLANG_WARN_BOOL_CONVERSION = YES;
				CLANG_WARN_COMMA = YES;
				CLANG_WARN_CONSTANT_CONVERSION = YES;
				CLANG_WARN_DEPRECATED_OBJC_IMPLEMENTATIONS = YES;
				CLANG_WARN_DIRECT_OBJC_ISA_USAGE = YES_ERROR;
				CLANG_WARN_DOCUMENTATION_COMMENTS = YES;
				CLANG_WARN_EMPTY_BODY = YES;
				CLANG_WARN_ENUM_CONVERSION = YES;
				CLANG_WARN_INFINITE_RECURSION = YES;
				CLANG_WARN_INT_CONVERSION = YES;
				CLANG_WARN_NON_LITERAL_NULL_CONVERSION = YES;
				CLANG_WARN_OBJC_IMPLICIT_RETAIN_SELF = YES;
				CLANG_WARN_OBJC_LITERAL_CONVERSION = YES;
				CLANG_WARN_OBJC_ROOT_CLASS = YES_ERROR;
				CLANG_WARN_QUOTED_INCLUDE_IN_FRAMEWORK_HEADER = YES;
				CLANG_WARN_RANGE_LOOP_ANALYSIS = YES;
				CLANG_WARN_STRICT_PROTOTYPES = YES;
				CLANG_WARN_SUSPICIOUS_MOVE = YES;
				CLANG_WARN_UNGUARDED_AVAILABILITY = YES_AGGRESSIVE;
				CLANG_WARN_UNREACHABLE_CODE = YES;
				CLANG_WARN__DUPLICATE_METHOD_MATCH = YES;
				COPY_PHASE_STRIP = NO;
				DEBUG_INFORMATION_FORMAT = dwarf;
				ENABLE_STRICT_OBJC_MSGSEND = YES;
				ENABLE_TESTABILITY = YES;
				ENABLE_USER_SCRIPT_SANDBOXING = YES;
				GCC_C_LANGUAGE_STANDARD = gnu11;
				GCC_DYNAMIC_NO_PIC = NO;
				GCC_NO_COMMON_BLOCKS = YES;
				GCC_OPTIMIZATION_LEVEL = 0;
				GCC_PREPROCESSOR_DEFINITIONS = (
					"DEBUG=1",
					"$(inherited)",
				);
				GCC_WARN_64_TO_32_BIT_CONVERSION = YES;
				GCC_WARN_ABOUT_RETURN_TYPE = YES_ERROR;
				GCC_WARN_UNDECLARED_SELECTOR = YES;
				GCC_WARN_UNINITIALIZED_AUTOS = YES_AGGRESSIVE;
				GCC_WARN_UNUSED_FUNCTION = YES;
				GCC_WARN_UNUSED_VARIABLE = YES;
				IPHONEOS_DEPLOYMENT_TARGET = 16.4;
				MTL_ENABLE_DEBUG_INFO = INCLUDE_SOURCE;
				MTL_FAST_MATH = YES;
				ONLY_ACTIVE_ARCH = YES;
				SDKROOT = iphoneos;
				SWIFT_ACTIVE_COMPILATION_CONDITIONS = DEBUG;
				SWIFT_OPTIMIZATION_LEVEL = "-Onone";
			};
			name = Debug;
		};
		CE44F6CA2AE6513600E4A941 /* Release */ = {
			isa = XCBuildConfiguration;
			buildSettings = {
				ALWAYS_SEARCH_USER_PATHS = NO;
				CLANG_ANALYZER_NONNULL = YES;
				CLANG_ANALYZER_NUMBER_OBJECT_CONVERSION = YES_AGGRESSIVE;
				CLANG_CXX_LANGUAGE_STANDARD = "gnu++20";
				CLANG_ENABLE_MODULES = YES;
				CLANG_ENABLE_OBJC_ARC = YES;
				CLANG_ENABLE_OBJC_WEAK = YES;
				CLANG_WARN_BLOCK_CAPTURE_AUTORELEASING = YES;
				CLANG_WARN_BOOL_CONVERSION = YES;
				CLANG_WARN_COMMA = YES;
				CLANG_WARN_CONSTANT_CONVERSION = YES;
				CLANG_WARN_DEPRECATED_OBJC_IMPLEMENTATIONS = YES;
				CLANG_WARN_DIRECT_OBJC_ISA_USAGE = YES_ERROR;
				CLANG_WARN_DOCUMENTATION_COMMENTS = YES;
				CLANG_WARN_EMPTY_BODY = YES;
				CLANG_WARN_ENUM_CONVERSION = YES;
				CLANG_WARN_INFINITE_RECURSION = YES;
				CLANG_WARN_INT_CONVERSION = YES;
				CLANG_WARN_NON_LITERAL_NULL_CONVERSION = YES;
				CLANG_WARN_OBJC_IMPLICIT_RETAIN_SELF = YES;
				CLANG_WARN_OBJC_LITERAL_CONVERSION = YES;
				CLANG_WARN_OBJC_ROOT_CLASS = YES_ERROR;
				CLANG_WARN_QUOTED_INCLUDE_IN_FRAMEWORK_HEADER = YES;
				CLANG_WARN_RANGE_LOOP_ANALYSIS = YES;
				CLANG_WARN_STRICT_PROTOTYPES = YES;
				CLANG_WARN_SUSPICIOUS_MOVE = YES;
				CLANG_WARN_UNGUARDED_AVAILABILITY = YES_AGGRESSIVE;
				CLANG_WARN_UNREACHABLE_CODE = YES;
				CLANG_WARN__DUPLICATE_METHOD_MATCH = YES;
				COPY_PHASE_STRIP = NO;
				DEBUG_INFORMATION_FORMAT = "dwarf-with-dsym";
				ENABLE_NS_ASSERTIONS = NO;
				ENABLE_STRICT_OBJC_MSGSEND = YES;
				ENABLE_USER_SCRIPT_SANDBOXING = YES;
				GCC_C_LANGUAGE_STANDARD = gnu11;
				GCC_NO_COMMON_BLOCKS = YES;
				GCC_WARN_64_TO_32_BIT_CONVERSION = YES;
				GCC_WARN_ABOUT_RETURN_TYPE = YES_ERROR;
				GCC_WARN_UNDECLARED_SELECTOR = YES;
				GCC_WARN_UNINITIALIZED_AUTOS = YES_AGGRESSIVE;
				GCC_WARN_UNUSED_FUNCTION = YES;
				GCC_WARN_UNUSED_VARIABLE = YES;
				IPHONEOS_DEPLOYMENT_TARGET = 16.4;
				MTL_ENABLE_DEBUG_INFO = NO;
				MTL_FAST_MATH = YES;
				SDKROOT = iphoneos;
				SWIFT_COMPILATION_MODE = wholemodule;
				SWIFT_OPTIMIZATION_LEVEL = "-O";
				VALIDATE_PRODUCT = YES;
			};
			name = Release;
		};
		CE44F6CC2AE6513600E4A941 /* Debug */ = {
			isa = XCBuildConfiguration;
			baseConfigurationReference = B1E6F22027DFAC0F6D0F7D27 /* Pods-FindClone.debug.xcconfig */;
			buildSettings = {
				ASSETCATALOG_COMPILER_APPICON_NAME = AppIcon;
				ASSETCATALOG_COMPILER_GLOBAL_ACCENT_COLOR_NAME = AccentColor;
				CODE_SIGN_STYLE = Automatic;
				CURRENT_PROJECT_VERSION = 1;
				DEVELOPMENT_TEAM = Q32WAK9PQ6;
				ENABLE_USER_SCRIPT_SANDBOXING = NO;
				GENERATE_INFOPLIST_FILE = YES;
				INFOPLIST_FILE = FindClone/Info.plist;
				INFOPLIST_KEY_UIApplicationSupportsIndirectInputEvents = YES;
				INFOPLIST_KEY_UILaunchStoryboardName = LaunchScreen;
				INFOPLIST_KEY_UIMainStoryboardFile = Main;
				INFOPLIST_KEY_UISupportedInterfaceOrientations = UIInterfaceOrientationPortrait;
				IPHONEOS_DEPLOYMENT_TARGET = 15.0;
				LD_RUNPATH_SEARCH_PATHS = (
					"$(inherited)",
					"@executable_path/Frameworks",
				);
				MARKETING_VERSION = 1.0;
				PRODUCT_BUNDLE_IDENTIFIER = com.0011.FindClone;
				PRODUCT_NAME = "$(TARGET_NAME)";
				SWIFT_EMIT_LOC_STRINGS = YES;
				SWIFT_VERSION = 5.0;
				TARGETED_DEVICE_FAMILY = "1,2";
			};
			name = Debug;
		};
		CE44F6CD2AE6513600E4A941 /* Release */ = {
			isa = XCBuildConfiguration;
			baseConfigurationReference = 806D79A99C4D747814CA858F /* Pods-FindClone.release.xcconfig */;
			buildSettings = {
				ASSETCATALOG_COMPILER_APPICON_NAME = AppIcon;
				ASSETCATALOG_COMPILER_GLOBAL_ACCENT_COLOR_NAME = AccentColor;
				CODE_SIGN_STYLE = Automatic;
				CURRENT_PROJECT_VERSION = 1;
				DEVELOPMENT_TEAM = Q32WAK9PQ6;
				ENABLE_USER_SCRIPT_SANDBOXING = NO;
				GENERATE_INFOPLIST_FILE = YES;
				INFOPLIST_FILE = FindClone/Info.plist;
				INFOPLIST_KEY_UIApplicationSupportsIndirectInputEvents = YES;
				INFOPLIST_KEY_UILaunchStoryboardName = LaunchScreen;
				INFOPLIST_KEY_UIMainStoryboardFile = Main;
				INFOPLIST_KEY_UISupportedInterfaceOrientations = UIInterfaceOrientationPortrait;
				IPHONEOS_DEPLOYMENT_TARGET = 15.0;
				LD_RUNPATH_SEARCH_PATHS = (
					"$(inherited)",
					"@executable_path/Frameworks",
				);
				MARKETING_VERSION = 1.0;
				PRODUCT_BUNDLE_IDENTIFIER = com.0011.FindClone;
				PRODUCT_NAME = "$(TARGET_NAME)";
				SWIFT_EMIT_LOC_STRINGS = YES;
				SWIFT_VERSION = 5.0;
				TARGETED_DEVICE_FAMILY = "1,2";
			};
			name = Release;
		};
/* End XCBuildConfiguration section */

/* Begin XCConfigurationList section */
		CE44F6B22AE6512900E4A941 /* Build configuration list for PBXProject "FindClone" */ = {
			isa = XCConfigurationList;
			buildConfigurations = (
				CE44F6C92AE6513600E4A941 /* Debug */,
				CE44F6CA2AE6513600E4A941 /* Release */,
			);
			defaultConfigurationIsVisible = 0;
			defaultConfigurationName = Release;
		};
		CE44F6CB2AE6513600E4A941 /* Build configuration list for PBXNativeTarget "FindClone" */ = {
			isa = XCConfigurationList;
			buildConfigurations = (
				CE44F6CC2AE6513600E4A941 /* Debug */,
				CE44F6CD2AE6513600E4A941 /* Release */,
			);
			defaultConfigurationIsVisible = 0;
			defaultConfigurationName = Release;
		};
/* End XCConfigurationList section */
	};
	rootObject = CE44F6AF2AE6512900E4A941 /* Project object */;
}
